{
    "_readme": [
        "This file locks the dependencies of your project to a known state",
        "Read more about it at https://getcomposer.org/doc/01-basic-usage.md#installing-dependencies",
        "This file is @generated automatically"
    ],
    "content-hash": "195fa854204d49077c4bfbea55804860",
    "packages": [
        {
            "name": "fbett/le_acme2",
            "version": "1.5.5",
            "source": {
                "type": "git",
                "url": "https://github.com/fbett/le-acme2-php.git",
                "reference": "3e9457ae0b4330f7a3b35a761aaaf2cc037b0750"
            },
            "dist": {
                "type": "zip",
                "url": "https://api.github.com/repos/fbett/le-acme2-php/zipball/3e9457ae0b4330f7a3b35a761aaaf2cc037b0750",
                "reference": "3e9457ae0b4330f7a3b35a761aaaf2cc037b0750",
                "shasum": ""
            },
            "require": {
                "ext-curl": "*",
                "ext-json": "*",
                "ext-openssl": "*",
                "php": ">=7.1"
            },
            "type": "library",
            "autoload": {
                "psr-0": {
                    "LE_ACME2": "src/"
                }
            },
            "notification-url": "https://packagist.org/downloads/",
            "license": [
                "MIT"
            ],
            "authors": [
                {
                    "name": "Fabian Bett",
                    "homepage": "https://www.bett-ingenieure.de",
                    "role": "Developer"
                }
            ],
            "description": "Letsencrypt PHP ACME v2 client",
            "homepage": "https://github.com/fbett/le-acme2-php",
            "support": {
                "issues": "https://github.com/fbett/le-acme2-php/issues",
                "source": "https://github.com/fbett/le-acme2-php/tree/v1.5.5"
            },
            "time": "2021-04-28T17:22:43+00:00"
        }
    ],
    "packages-dev": [],
    "aliases": [],
    "minimum-stability": "stable",
    "stability-flags": [],
    "prefer-stable": false,
    "prefer-lowest": false,
    "platform": [],
    "platform-dev": [],
    "plugin-api-version": "2.0.0"
}
