{
  "requires": true,
  "lockfileVersion": 1,
  "dependencies": {
    "composer": {
      "version": "4.1.0",
      "resolved": "https://registry.npmjs.org/composer/-/composer-4.1.0.tgz",
      "integrity": "sha512-qIIoNYjwFHrQFUdB8kD3pZs30+JeYK9149EpOYr/NVrii00KMO31IonzZMeRSU4qazyWZpEgVzkBmQ6VFWxedA==",
      "requires": {
        "pretty-time": "^1.1.0",
        "use": "^3.1.1"
      }
    },
    "pretty-time": {
      "version": "1.1.0",
      "resolved": "https://registry.npmjs.org/pretty-time/-/pretty-time-1.1.0.tgz",
      "integrity": "sha512-28iF6xPQrP8Oa6uxE6a1biz+lWeTOAPKggvjB8HAs6nVMKZwf5bG++632Dx614hIWgUPkgivRfG+a8uAXGTIbA=="
    },
    "use": {
      "version": "3.1.1",
      "resolved": "https://registry.npmjs.org/use/-/use-3.1.1.tgz",
      "integrity": "sha512-cwESVXlO3url9YWlFW/TA9cshCEhtu7IKJ/p5soJ/gGpj7vbvFrAY/eIioQ6Dw23KjZhYgiIo8HOs1nQ2vr/oQ=="
    }
  }
}
